
Microsoft Visual Studio Solution File, Format Version 12.00
# Visual Studio Version 17
VisualStudioVersion = 17.6.33815.320
MinimumVisualStudioVersion = 10.0.40219.1
Project("{8BC9CEB8-8B4A-11D0-8D11-00A0C91BC942}") = "도서 대출", "도서 대출\도서 대출.vcxproj", "{0A1817D0-5FAB-413A-887B-217E64708549}"
EndProject
Global
	GlobalSection(SolutionConfigurationPlatforms) = preSolution
		Debug|x64 = Debug|x64
		Debug|x86 = Debug|x86
		Release|x64 = Release|x64
		Release|x86 = Release|x86
	EndGlobalSection
	GlobalSection(ProjectConfigurationPlatforms) = postSolution
		{0A1817D0-5FAB-413A-887B-217E64708549}.Debug|x64.ActiveCfg = Debug|x64
		{0A1817D0-5FAB-413A-887B-217E64708549}.Debug|x64.Build.0 = Debug|x64
		{0A1817D0-5FAB-413A-887B-217E64708549}.Debug|x86.ActiveCfg = Debug|Win32
		{0A1817D0-5FAB-413A-887B-217E64708549}.Debug|x86.Build.0 = Debug|Win32
		{0A1817D0-5FAB-413A-887B-217E64708549}.Release|x64.ActiveCfg = Release|x64
		{0A1817D0-5FAB-413A-887B-217E64708549}.Release|x64.Build.0 = Release|x64
		{0A1817D0-5FAB-413A-887B-217E64708549}.Release|x86.ActiveCfg = Release|Win32
		{0A1817D0-5FAB-413A-887B-217E64708549}.Release|x86.Build.0 = Release|Win32
	EndGlobalSection
	GlobalSection(SolutionProperties) = preSolution
		HideSolutionNode = FALSE
	EndGlobalSection
	GlobalSection(ExtensibilityGlobals) = postSolution
		SolutionGuid = {ABA428A0-FBA2-4425-89BE-311B0B787B79}
	EndGlobalSection
EndGlobal
